// !$*UTF8*$!
{
	archiveVersion = 1;
	classes = {
	};
	objectVersion = 55;
	objects = {

/* Begin PBXBuildFile section */
		F45168AA27AEAB3300519731 /* PhotoViewController.swift in Sources */ = {isa = PBXBuildFile; fileRef = F45168A927AEAB3200519731 /* PhotoViewController.swift */; };
		F45168AC27B0346B00519731 /* GoogleService-Info.plist in Resources */ = {isa = PBXBuildFile; fileRef = F45168AB27B0346B00519731 /* GoogleService-Info.plist */; };
		F45168AF27B039B000519731 /* FirebaseAnalytics in Frameworks */ = {isa = PBXBuildFile; productRef = F45168AE27B039B000519731 /* FirebaseAnalytics */; };
		F45168B127B039B000519731 /* FirebaseDatabase in Frameworks */ = {isa = PBXBuildFile; productRef = F45168B027B039B000519731 /* FirebaseDatabase */; };
		F45168B327B039B000519731 /* FirebaseFirestore in Frameworks */ = {isa = PBXBuildFile; productRef = F45168B227B039B000519731 /* FirebaseFirestore */; };
		F45168B527B039B000519731 /* FirebaseStorage in Frameworks */ = {isa = PBXBuildFile; productRef = F45168B427B039B000519731 /* FirebaseStorage */; };
		F45168B827B04BC500519731 /* FirebaseService.swift in Sources */ = {isa = PBXBuildFile; fileRef = F45168B727B04BC500519731 /* FirebaseService.swift */; };
		F4827F3227AA8F86001A64F4 /* Oswald-Light.ttf in Resources */ = {isa = PBXBuildFile; fileRef = F4827F3127AA8F85001A64F4 /* Oswald-Light.ttf */; };
		F4827F3427AA8FCC001A64F4 /* Ubuntu-Regular.ttf in Resources */ = {isa = PBXBuildFile; fileRef = F4827F3327AA8FCC001A64F4 /* Ubuntu-Regular.ttf */; };
		F484B0D327AD874100901548 /* CollectionView.swift in Sources */ = {isa = PBXBuildFile; fileRef = F484B0D227AD874100901548 /* CollectionView.swift */; };
		F484B0D527AD991800901548 /* PhotoCell.swift in Sources */ = {isa = PBXBuildFile; fileRef = F484B0D427AD991800901548 /* PhotoCell.swift */; };
		F486EE4127A94C600074B44B /* AppDelegate.swift in Sources */ = {isa = PBXBuildFile; fileRef = F486EE4027A94C600074B44B /* AppDelegate.swift */; };
		F486EE4327A94C600074B44B /* SceneDelegate.swift in Sources */ = {isa = PBXBuildFile; fileRef = F486EE4227A94C600074B44B /* SceneDelegate.swift */; };
		F486EE4527A94C600074B44B /* MainViewController.swift in Sources */ = {isa = PBXBuildFile; fileRef = F486EE4427A94C600074B44B /* MainViewController.swift */; };
		F486EE4A27A94C660074B44B /* Assets.xcassets in Resources */ = {isa = PBXBuildFile; fileRef = F486EE4927A94C660074B44B /* Assets.xcassets */; };
		F486EE4D27A94C660074B44B /* LaunchScreen.storyboard in Resources */ = {isa = PBXBuildFile; fileRef = F486EE4B27A94C660074B44B /* LaunchScreen.storyboard */; };
		F486EE5527A974B80074B44B /* TopView.swift in Sources */ = {isa = PBXBuildFile; fileRef = F486EE5427A974B80074B44B /* TopView.swift */; };
		F4D79F2C27AB3F9E00A84DF4 /* Constants.swift in Sources */ = {isa = PBXBuildFile; fileRef = F4D79F2A27AB3F9D00A84DF4 /* Constants.swift */; };
		F4D79F2D27AB3F9E00A84DF4 /* Extensions.swift in Sources */ = {isa = PBXBuildFile; fileRef = F4D79F2B27AB3F9E00A84DF4 /* Extensions.swift */; };
		F4D79F2F27AB429900A84DF4 /* ContainerView.swift in Sources */ = {isa = PBXBuildFile; fileRef = F4D79F2E27AB429900A84DF4 /* ContainerView.swift */; };
		F4DC4D7727ABCD7E000BD3AA /* UIViewController + Preview.swift in Sources */ = {isa = PBXBuildFile; fileRef = F4DC4D7527ABCD7E000BD3AA /* UIViewController + Preview.swift */; };
		F4DC4D7827ABCD7E000BD3AA /* UIView + Preview.swift in Sources */ = {isa = PBXBuildFile; fileRef = F4DC4D7627ABCD7E000BD3AA /* UIView + Preview.swift */; };
/* End PBXBuildFile section */

/* Begin PBXFileReference section */
		F45168A927AEAB3200519731 /* PhotoViewController.swift */ = {isa = PBXFileReference; lastKnownFileType = sourcecode.swift; name = PhotoViewController.swift; path = ../../../../PhotoViewController.swift; sourceTree = "<group>"; };
		F45168AB27B0346B00519731 /* GoogleService-Info.plist */ = {isa = PBXFileReference; fileEncoding = 4; lastKnownFileType = text.plist.xml; path = "GoogleService-Info.plist"; sourceTree = "<group>"; };
		F45168B727B04BC500519731 /* FirebaseService.swift */ = {isa = PBXFileReference; lastKnownFileType = sourcecode.swift; name = FirebaseService.swift; path = ../../../../FirebaseService.swift; sourceTree = "<group>"; };
		F4827F3127AA8F85001A64F4 /* Oswald-Light.ttf */ = {isa = PBXFileReference; lastKnownFileType = file; path = "Oswald-Light.ttf"; sourceTree = "<group>"; };
		F4827F3327AA8FCC001A64F4 /* Ubuntu-Regular.ttf */ = {isa = PBXFileReference; lastKnownFileType = file; path = "Ubuntu-Regular.ttf"; sourceTree = "<group>"; };
		F484B0D227AD874100901548 /* CollectionView.swift */ = {isa = PBXFileReference; lastKnownFileType = sourcecode.swift; name = CollectionView.swift; path = ../../../../../CollectionView.swift; sourceTree = "<group>"; };
		F484B0D427AD991800901548 /* PhotoCell.swift */ = {isa = PBXFileReference; lastKnownFileType = sourcecode.swift; name = PhotoCell.swift; path = ../../../../../PhotoCell.swift; sourceTree = "<group>"; };
		F486EE3D27A94C5F0074B44B /* OneScreenApp.app */ = {isa = PBXFileReference; explicitFileType = wrapper.application; includeInIndex = 0; path = OneScreenApp.app; sourceTree = BUILT_PRODUCTS_DIR; };
		F486EE4027A94C600074B44B /* AppDelegate.swift */ = {isa = PBXFileReference; lastKnownFileType = sourcecode.swift; path = AppDelegate.swift; sourceTree = "<group>"; };
		F486EE4227A94C600074B44B /* SceneDelegate.swift */ = {isa = PBXFileReference; lastKnownFileType = sourcecode.swift; path = SceneDelegate.swift; sourceTree = "<group>"; };
		F486EE4427A94C600074B44B /* MainViewController.swift */ = {isa = PBXFileReference; lastKnownFileType = sourcecode.swift; path = MainViewController.swift; sourceTree = "<group>"; };
		F486EE4927A94C660074B44B /* Assets.xcassets */ = {isa = PBXFileReference; lastKnownFileType = folder.assetcatalog; path = Assets.xcassets; sourceTree = "<group>"; };
		F486EE4C27A94C660074B44B /* Base */ = {isa = PBXFileReference; lastKnownFileType = file.storyboard; name = Base; path = Base.lproj/LaunchScreen.storyboard; sourceTree = "<group>"; };
		F486EE4E27A94C660074B44B /* Info.plist */ = {isa = PBXFileReference; lastKnownFileType = text.plist.xml; path = Info.plist; sourceTree = "<group>"; };
		F486EE5427A974B80074B44B /* TopView.swift */ = {isa = PBXFileReference; lastKnownFileType = sourcecode.swift; path = TopView.swift; sourceTree = "<group>"; };
		F4D79F2A27AB3F9D00A84DF4 /* Constants.swift */ = {isa = PBXFileReference; fileEncoding = 4; lastKnownFileType = sourcecode.swift; name = Constants.swift; path = OneScreenApp/Constants.swift; sourceTree = SOURCE_ROOT; };
		F4D79F2B27AB3F9E00A84DF4 /* Extensions.swift */ = {isa = PBXFileReference; fileEncoding = 4; lastKnownFileType = sourcecode.swift; name = Extensions.swift; path = OneScreenApp/Extensions.swift; sourceTree = SOURCE_ROOT; };
		F4D79F2E27AB429900A84DF4 /* ContainerView.swift */ = {isa = PBXFileReference; lastKnownFileType = sourcecode.swift; path = ContainerView.swift; sourceTree = "<group>"; };
		F4DC4D7527ABCD7E000BD3AA /* UIViewController + Preview.swift */ = {isa = PBXFileReference; fileEncoding = 4; lastKnownFileType = sourcecode.swift; path = "UIViewController + Preview.swift"; sourceTree = "<group>"; };
		F4DC4D7627ABCD7E000BD3AA /* UIView + Preview.swift */ = {isa = PBXFileReference; fileEncoding = 4; lastKnownFileType = sourcecode.swift; path = "UIView + Preview.swift"; sourceTree = "<group>"; };
/* End PBXFileReference section */

/* Begin PBXFrameworksBuildPhase section */
		F486EE3A27A94C5F0074B44B /* Frameworks */ = {
			isa = PBXFrameworksBuildPhase;
			buildActionMask = 2147483647;
			files = (
				F45168B127B039B000519731 /* FirebaseDatabase in Frameworks */,
				F45168B527B039B000519731 /* FirebaseStorage in Frameworks */,
				F45168AF27B039B000519731 /* FirebaseAnalytics in Frameworks */,
				F45168B327B039B000519731 /* FirebaseFirestore in Frameworks */,
			);
			runOnlyForDeploymentPostprocessing = 0;
		};
/* End PBXFrameworksBuildPhase section */

/* Begin PBXGroup section */
		F45168B627B03B1000519731 /* Preview */ = {
			isa = PBXGroup;
			children = (
				F4DC4D7627ABCD7E000BD3AA /* UIView + Preview.swift */,
				F4DC4D7527ABCD7E000BD3AA /* UIViewController + Preview.swift */,
			);
			path = Preview;
			sourceTree = "<group>";
		};
		F4827F3927AABE71001A64F4 /* Resources */ = {
			isa = PBXGroup;
			children = (
				F45168AB27B0346B00519731 /* GoogleService-Info.plist */,
				F486EE4927A94C660074B44B /* Assets.xcassets */,
				F486EE4B27A94C660074B44B /* LaunchScreen.storyboard */,
				F4827F3127AA8F85001A64F4 /* Oswald-Light.ttf */,
				F4827F3327AA8FCC001A64F4 /* Ubuntu-Regular.ttf */,
			);
			path = Resources;
			sourceTree = "<group>";
		};
		F4827F3C27AACA49001A64F4 /* Views */ = {
			isa = PBXGroup;
			children = (
				F486EE5427A974B80074B44B /* TopView.swift */,
				F4D79F2E27AB429900A84DF4 /* ContainerView.swift */,
				F484B0D227AD874100901548 /* CollectionView.swift */,
				F484B0D427AD991800901548 /* PhotoCell.swift */,
			);
			path = Views;
			sourceTree = "<group>";
		};
		F486EE3427A94C5F0074B44B = {
			isa = PBXGroup;
			children = (
				F486EE3F27A94C5F0074B44B /* OneScreenApp */,
				F486EE3E27A94C5F0074B44B /* Products */,
			);
			sourceTree = "<group>";
		};
		F486EE3E27A94C5F0074B44B /* Products */ = {
			isa = PBXGroup;
			children = (
				F486EE3D27A94C5F0074B44B /* OneScreenApp.app */,
			);
			name = Products;
			sourceTree = "<group>";
		};
		F486EE3F27A94C5F0074B44B /* OneScreenApp */ = {
			isa = PBXGroup;
			children = (
				F486EE4E27A94C660074B44B /* Info.plist */,
				F4D79F3027AB55D500A84DF4 /* AppDelegate */,
				F4827F3C27AACA49001A64F4 /* Views */,
				F486EE4427A94C600074B44B /* MainViewController.swift */,
				F45168B727B04BC500519731 /* FirebaseService.swift */,
				F45168A927AEAB3200519731 /* PhotoViewController.swift */,
				F4D79F2A27AB3F9D00A84DF4 /* Constants.swift */,
				F4D79F2B27AB3F9E00A84DF4 /* Extensions.swift */,
				F45168B627B03B1000519731 /* Preview */,
				F4827F3927AABE71001A64F4 /* Resources */,
			);
			path = OneScreenApp;
			sourceTree = "<group>";
		};
		F4D79F3027AB55D500A84DF4 /* AppDelegate */ = {
			isa = PBXGroup;
			children = (
				F486EE4027A94C600074B44B /* AppDelegate.swift */,
				F486EE4227A94C600074B44B /* SceneDelegate.swift */,
			);
			path = AppDelegate;
			sourceTree = "<group>";
		};
/* End PBXGroup section */

/* Begin PBXNativeTarget section */
		F486EE3C27A94C5F0074B44B /* OneScreenApp */ = {
			isa = PBXNativeTarget;
			buildConfigurationList = F486EE5127A94C660074B44B /* Build configuration list for PBXNativeTarget "OneScreenApp" */;
			buildPhases = (
				F486EE3927A94C5F0074B44B /* Sources */,
				F486EE3A27A94C5F0074B44B /* Frameworks */,
				F486EE3B27A94C5F0074B44B /* Resources */,
			);
			buildRules = (
			);
			dependencies = (
			);
			name = OneScreenApp;
			packageProductDependencies = (
				F45168AE27B039B000519731 /* FirebaseAnalytics */,
				F45168B027B039B000519731 /* FirebaseDatabase */,
				F45168B227B039B000519731 /* FirebaseFirestore */,
				F45168B427B039B000519731 /* FirebaseStorage */,
			);
			productName = OneScreenApp;
			productReference = F486EE3D27A94C5F0074B44B /* OneScreenApp.app */;
			productType = "com.apple.product-type.application";
		};
/* End PBXNativeTarget section */

/* Begin PBXProject section */
		F486EE3527A94C5F0074B44B /* Project object */ = {
			isa = PBXProject;
			attributes = {
				BuildIndependentTargetsInParallel = 1;
				LastSwiftUpdateCheck = 1310;
				LastUpgradeCheck = 1310;
				TargetAttributes = {
					F486EE3C27A94C5F0074B44B = {
						CreatedOnToolsVersion = 13.1;
					};
				};
			};
			buildConfigurationList = F486EE3827A94C5F0074B44B /* Build configuration list for PBXProject "OneScreenApp" */;
			compatibilityVersion = "Xcode 13.0";
			developmentRegion = en;
			hasScannedForEncodings = 0;
			knownRegions = (
				en,
				Base,
			);
			mainGroup = F486EE3427A94C5F0074B44B;
			packageReferences = (
				F45168AD27B039B000519731 /* XCRemoteSwiftPackageReference "firebase-ios-sdk" */,
			);
			productRefGroup = F486EE3E27A94C5F0074B44B /* Products */;
			projectDirPath = "";
			projectRoot = "";
			targets = (
				F486EE3C27A94C5F0074B44B /* OneScreenApp */,
			);
		};
/* End PBXProject section */

/* Begin PBXResourcesBuildPhase section */
		F486EE3B27A94C5F0074B44B /* Resources */ = {
			isa = PBXResourcesBuildPhase;
			buildActionMask = 2147483647;
			files = (
				F4827F3427AA8FCC001A64F4 /* Ubuntu-Regular.ttf in Resources */,
				F4827F3227AA8F86001A64F4 /* Oswald-Light.ttf in Resources */,
				F45168AC27B0346B00519731 /* GoogleService-Info.plist in Resources */,
				F486EE4D27A94C660074B44B /* LaunchScreen.storyboard in Resources */,
				F486EE4A27A94C660074B44B /* Assets.xcassets in Resources */,
			);
			runOnlyForDeploymentPostprocessing = 0;
		};
/* End PBXResourcesBuildPhase section */

/* Begin PBXSourcesBuildPhase section */
		F486EE3927A94C5F0074B44B /* Sources */ = {
			isa = PBXSourcesBuildPhase;
			buildActionMask = 2147483647;
			files = (
				F45168AA27AEAB3300519731 /* PhotoViewController.swift in Sources */,
				F4D79F2D27AB3F9E00A84DF4 /* Extensions.swift in Sources */,
				F486EE4527A94C600074B44B /* MainViewController.swift in Sources */,
				F4DC4D7727ABCD7E000BD3AA /* UIViewController + Preview.swift in Sources */,
				F486EE4127A94C600074B44B /* AppDelegate.swift in Sources */,
				F486EE5527A974B80074B44B /* TopView.swift in Sources */,
				F4DC4D7827ABCD7E000BD3AA /* UIView + Preview.swift in Sources */,
				F484B0D327AD874100901548 /* CollectionView.swift in Sources */,
				F4D79F2C27AB3F9E00A84DF4 /* Constants.swift in Sources */,
				F4D79F2F27AB429900A84DF4 /* ContainerView.swift in Sources */,
				F484B0D527AD991800901548 /* PhotoCell.swift in Sources */,
				F45168B827B04BC500519731 /* FirebaseService.swift in Sources */,
				F486EE4327A94C600074B44B /* SceneDelegate.swift in Sources */,
			);
			runOnlyForDeploymentPostprocessing = 0;
		};
/* End PBXSourcesBuildPhase section */

/* Begin PBXVariantGroup section */
		F486EE4B27A94C660074B44B /* LaunchScreen.storyboard */ = {
			isa = PBXVariantGroup;
			children = (
				F486EE4C27A94C660074B44B /* Base */,
			);
			name = LaunchScreen.storyboard;
			sourceTree = "<group>";
		};
/* End PBXVariantGroup section */

/* Begin XCBuildConfiguration section */
		F486EE4F27A94C660074B44B /* Debug */ = {
			isa = XCBuildConfiguration;
			buildSettings = {
				ALWAYS_SEARCH_USER_PATHS = NO;
				CLANG_ANALYZER_NONNULL = YES;
				CLANG_ANALYZER_NUMBER_OBJECT_CONVERSION = YES_AGGRESSIVE;
				CLANG_CXX_LANGUAGE_STANDARD = "gnu++17";
				CLANG_CXX_LIBRARY = "libc++";
				CLANG_ENABLE_MODULES = YES;
				CLANG_ENABLE_OBJC_ARC = YES;
				CLANG_ENABLE_OBJC_WEAK = YES;
				CLANG_WARN_BLOCK_CAPTURE_AUTORELEASING = YES;
				CLANG_WARN_BOOL_CONVERSION = YES;
				CLANG_WARN_COMMA = YES;
				CLANG_WARN_CONSTANT_CONVERSION = YES;
				CLANG_WARN_DEPRECATED_OBJC_IMPLEMENTATIONS = YES;
				CLANG_WARN_DIRECT_OBJC_ISA_USAGE = YES_ERROR;
				CLANG_WARN_DOCUMENTATION_COMMENTS = YES;
				CLANG_WARN_EMPTY_BODY = YES;
				CLANG_WARN_ENUM_CONVERSION = YES;
				CLANG_WARN_INFINITE_RECURSION = YES;
				CLANG_WARN_INT_CONVERSION = YES;
				CLANG_WARN_NON_LITERAL_NULL_CONVERSION = YES;
				CLANG_WARN_OBJC_IMPLICIT_RETAIN_SELF = YES;
				CLANG_WARN_OBJC_LITERAL_CONVERSION = YES;
				CLANG_WARN_OBJC_ROOT_CLASS = YES_ERROR;
				CLANG_WARN_QUOTED_INCLUDE_IN_FRAMEWORK_HEADER = YES;
				CLANG_WARN_RANGE_LOOP_ANALYSIS = YES;
				CLANG_WARN_STRICT_PROTOTYPES = YES;
				CLANG_WARN_SUSPICIOUS_MOVE = YES;
				CLANG_WARN_UNGUARDED_AVAILABILITY = YES_AGGRESSIVE;
				CLANG_WARN_UNREACHABLE_CODE = YES;
				CLANG_WARN__DUPLICATE_METHOD_MATCH = YES;
				COPY_PHASE_STRIP = NO;
				DEBUG_INFORMATION_FORMAT = dwarf;
				ENABLE_STRICT_OBJC_MSGSEND = YES;
				ENABLE_TESTABILITY = YES;
				GCC_C_LANGUAGE_STANDARD = gnu11;
				GCC_DYNAMIC_NO_PIC = NO;
				GCC_NO_COMMON_BLOCKS = YES;
				GCC_OPTIMIZATION_LEVEL = 0;
				GCC_PREPROCESSOR_DEFINITIONS = (
					"DEBUG=1",
					"$(inherited)",
				);
				GCC_WARN_64_TO_32_BIT_CONVERSION = YES;
				GCC_WARN_ABOUT_RETURN_TYPE = YES_ERROR;
				GCC_WARN_UNDECLARED_SELECTOR = YES;
				GCC_WARN_UNINITIALIZED_AUTOS = YES_AGGRESSIVE;
				GCC_WARN_UNUSED_FUNCTION = YES;
				GCC_WARN_UNUSED_VARIABLE = YES;
				IPHONEOS_DEPLOYMENT_TARGET = 15.0;
				MTL_ENABLE_DEBUG_INFO = INCLUDE_SOURCE;
				MTL_FAST_MATH = YES;
				ONLY_ACTIVE_ARCH = YES;
				SDKROOT = iphoneos;
				SWIFT_ACTIVE_COMPILATION_CONDITIONS = DEBUG;
				SWIFT_OPTIMIZATION_LEVEL = "-Onone";
			};
			name = Debug;
		};
		F486EE5027A94C660074B44B /* Release */ = {
			isa = XCBuildConfiguration;
			buildSettings = {
				ALWAYS_SEARCH_USER_PATHS = NO;
				CLANG_ANALYZER_NONNULL = YES;
				CLANG_ANALYZER_NUMBER_OBJECT_CONVERSION = YES_AGGRESSIVE;
				CLANG_CXX_LANGUAGE_STANDARD = "gnu++17";
				CLANG_CXX_LIBRARY = "libc++";
				CLANG_ENABLE_MODULES = YES;
				CLANG_ENABLE_OBJC_ARC = YES;
				CLANG_ENABLE_OBJC_WEAK = YES;
				CLANG_WARN_BLOCK_CAPTURE_AUTORELEASING = YES;
				CLANG_WARN_BOOL_CONVERSION = YES;
				CLANG_WARN_COMMA = YES;
				CLANG_WARN_CONSTANT_CONVERSION = YES;
				CLANG_WARN_DEPRECATED_OBJC_IMPLEMENTATIONS = YES;
				CLANG_WARN_DIRECT_OBJC_ISA_USAGE = YES_ERROR;
				CLANG_WARN_DOCUMENTATION_COMMENTS = YES;
				CLANG_WARN_EMPTY_BODY = YES;
				CLANG_WARN_ENUM_CONVERSION = YES;
				CLANG_WARN_INFINITE_RECURSION = YES;
				CLANG_WARN_INT_CONVERSION = YES;
				CLANG_WARN_NON_LITERAL_NULL_CONVERSION = YES;
				CLANG_WARN_OBJC_IMPLICIT_RETAIN_SELF = YES;
				CLANG_WARN_OBJC_LITERAL_CONVERSION = YES;
				CLANG_WARN_OBJC_ROOT_CLASS = YES_ERROR;
				CLANG_WARN_QUOTED_INCLUDE_IN_FRAMEWORK_HEADER = YES;
				CLANG_WARN_RANGE_LOOP_ANALYSIS = YES;
				CLANG_WARN_STRICT_PROTOTYPES = YES;
				CLANG_WARN_SUSPICIOUS_MOVE = YES;
				CLANG_WARN_UNGUARDED_AVAILABILITY = YES_AGGRESSIVE;
				CLANG_WARN_UNREACHABLE_CODE = YES;
				CLANG_WARN__DUPLICATE_METHOD_MATCH = YES;
				COPY_PHASE_STRIP = NO;
				DEBUG_INFORMATION_FORMAT = "dwarf-with-dsym";
				ENABLE_NS_ASSERTIONS = NO;
				ENABLE_STRICT_OBJC_MSGSEND = YES;
				GCC_C_LANGUAGE_STANDARD = gnu11;
				GCC_NO_COMMON_BLOCKS = YES;
				GCC_WARN_64_TO_32_BIT_CONVERSION = YES;
				GCC_WARN_ABOUT_RETURN_TYPE = YES_ERROR;
				GCC_WARN_UNDECLARED_SELECTOR = YES;
				GCC_WARN_UNINITIALIZED_AUTOS = YES_AGGRESSIVE;
				GCC_WARN_UNUSED_FUNCTION = YES;
				GCC_WARN_UNUSED_VARIABLE = YES;
				IPHONEOS_DEPLOYMENT_TARGET = 15.0;
				MTL_ENABLE_DEBUG_INFO = NO;
				MTL_FAST_MATH = YES;
				SDKROOT = iphoneos;
				SWIFT_COMPILATION_MODE = wholemodule;
				SWIFT_OPTIMIZATION_LEVEL = "-O";
				VALIDATE_PRODUCT = YES;
			};
			name = Release;
		};
		F486EE5227A94C660074B44B /* Debug */ = {
			isa = XCBuildConfiguration;
			buildSettings = {
				ASSETCATALOG_COMPILER_APPICON_NAME = AppIcon;
				ASSETCATALOG_COMPILER_GLOBAL_ACCENT_COLOR_NAME = AccentColor;
				CODE_SIGN_STYLE = Automatic;
				CURRENT_PROJECT_VERSION = 1;
				DEVELOPMENT_TEAM = MB3D25K85N;
				GENERATE_INFOPLIST_FILE = YES;
				INFOPLIST_FILE = OneScreenApp/Info.plist;
				INFOPLIST_KEY_CFBundleDisplayName = OneScreen;
				INFOPLIST_KEY_UIApplicationSupportsIndirectInputEvents = YES;
				INFOPLIST_KEY_UILaunchStoryboardName = LaunchScreen;
				INFOPLIST_KEY_UIMainStoryboardFile = LaunchScreen;
				INFOPLIST_KEY_UISupportedInterfaceOrientations_iPad = "UIInterfaceOrientationPortrait UIInterfaceOrientationPortraitUpsideDown UIInterfaceOrientationLandscapeLeft UIInterfaceOrientationLandscapeRight";
				INFOPLIST_KEY_UISupportedInterfaceOrientations_iPhone = "UIInterfaceOrientationPortrait UIInterfaceOrientationLandscapeLeft UIInterfaceOrientationLandscapeRight";
				LD_RUNPATH_SEARCH_PATHS = (
					"$(inherited)",
					"@executable_path/Frameworks",
				);
				MARKETING_VERSION = 1.0;
				PRODUCT_BUNDLE_IDENTIFIER = merdevios.OneScreenApp;
				PRODUCT_NAME = "$(TARGET_NAME)";
				SWIFT_EMIT_LOC_STRINGS = YES;
				SWIFT_VERSION = 5.0;
				TARGETED_DEVICE_FAMILY = 1;
			};
			name = Debug;
		};
		F486EE5327A94C660074B44B /* Release */ = {
			isa = XCBuildConfiguration;
			buildSettings = {
				ASSETCATALOG_COMPILER_APPICON_NAME = AppIcon;
				ASSETCATALOG_COMPILER_GLOBAL_ACCENT_COLOR_NAME = AccentColor;
				CODE_SIGN_STYLE = Automatic;
				CURRENT_PROJECT_VERSION = 1;
				DEVELOPMENT_TEAM = MB3D25K85N;
				GENERATE_INFOPLIST_FILE = YES;
				INFOPLIST_FILE = OneScreenApp/Info.plist;
				INFOPLIST_KEY_CFBundleDisplayName = OneScreen;
				INFOPLIST_KEY_UIApplicationSupportsIndirectInputEvents = YES;
				INFOPLIST_KEY_UILaunchStoryboardName = LaunchScreen;
				INFOPLIST_KEY_UIMainStoryboardFile = LaunchScreen;
				INFOPLIST_KEY_UISupportedInterfaceOrientations_iPad = "UIInterfaceOrientationPortrait UIInterfaceOrientationPortraitUpsideDown UIInterfaceOrientationLandscapeLeft UIInterfaceOrientationLandscapeRight";
				INFOPLIST_KEY_UISupportedInterfaceOrientations_iPhone = "UIInterfaceOrientationPortrait UIInterfaceOrientationLandscapeLeft UIInterfaceOrientationLandscapeRight";
				LD_RUNPATH_SEARCH_PATHS = (
					"$(inherited)",
					"@executable_path/Frameworks",
				);
				MARKETING_VERSION = 1.0;
				PRODUCT_BUNDLE_IDENTIFIER = merdevios.OneScreenApp;
				PRODUCT_NAME = "$(TARGET_NAME)";
				SWIFT_EMIT_LOC_STRINGS = YES;
				SWIFT_VERSION = 5.0;
				TARGETED_DEVICE_FAMILY = 1;
			};
			name = Release;
		};
/* End XCBuildConfiguration section */

/* Begin XCConfigurationList section */
		F486EE3827A94C5F0074B44B /* Build configuration list for PBXProject "OneScreenApp" */ = {
			isa = XCConfigurationList;
			buildConfigurations = (
				F486EE4F27A94C660074B44B /* Debug */,
				F486EE5027A94C660074B44B /* Release */,
			);
			defaultConfigurationIsVisible = 0;
			defaultConfigurationName = Release;
		};
		F486EE5127A94C660074B44B /* Build configuration list for PBXNativeTarget "OneScreenApp" */ = {
			isa = XCConfigurationList;
			buildConfigurations = (
				F486EE5227A94C660074B44B /* Debug */,
				F486EE5327A94C660074B44B /* Release */,
			);
			defaultConfigurationIsVisible = 0;
			defaultConfigurationName = Release;
		};
/* End XCConfigurationList section */

/* Begin XCRemoteSwiftPackageReference section */
		F45168AD27B039B000519731 /* XCRemoteSwiftPackageReference "firebase-ios-sdk" */ = {
			isa = XCRemoteSwiftPackageReference;
			repositoryURL = "https://github.com/firebase/firebase-ios-sdk";
			requirement = {
				kind = upToNextMajorVersion;
				minimumVersion = 8.0.0;
			};
		};
/* End XCRemoteSwiftPackageReference section */

/* Begin XCSwiftPackageProductDependency section */
		F45168AE27B039B000519731 /* FirebaseAnalytics */ = {
			isa = XCSwiftPackageProductDependency;
			package = F45168AD27B039B000519731 /* XCRemoteSwiftPackageReference "firebase-ios-sdk" */;
			productName = FirebaseAnalytics;
		};
		F45168B027B039B000519731 /* FirebaseDatabase */ = {
			isa = XCSwiftPackageProductDependency;
			package = F45168AD27B039B000519731 /* XCRemoteSwiftPackageReference "firebase-ios-sdk" */;
			productName = FirebaseDatabase;
		};
		F45168B227B039B000519731 /* FirebaseFirestore */ = {
			isa = XCSwiftPackageProductDependency;
			package = F45168AD27B039B000519731 /* XCRemoteSwiftPackageReference "firebase-ios-sdk" */;
			productName = FirebaseFirestore;
		};
		F45168B427B039B000519731 /* FirebaseStorage */ = {
			isa = XCSwiftPackageProductDependency;
			package = F45168AD27B039B000519731 /* XCRemoteSwiftPackageReference "firebase-ios-sdk" */;
			productName = FirebaseStorage;
		};
/* End XCSwiftPackageProductDependency section */
	};
	rootObject = F486EE3527A94C5F0074B44B /* Project object */;
}
